
Microsoft Visual Studio Solution File, Format Version 12.00
# Visual Studio 15
VisualStudioVersion = 15.0.28307.102
MinimumVisualStudioVersion = 10.0.40219.1
Project("{FAE04EC0-301F-11D3-BF4B-00C04F79EFBC}") = "CreditCalculator", "CreditCalculator\CreditCalculator.csproj", "{832CF0C8-08EE-47E4-BD54-22115C5EBC84}"
EndProject
Global
	GlobalSection(SolutionConfigurationPlatforms) = preSolution
		Debug|Any CPU = Debug|Any CPU
		Release|Any CPU = Release|Any CPU
	EndGlobalSection
	GlobalSection(ProjectConfigurationPlatforms) = postSolution
		{832CF0C8-08EE-47E4-BD54-22115C5EBC84}.Debug|Any CPU.ActiveCfg = Debug|Any CPU
		{832CF0C8-08EE-47E4-BD54-22115C5EBC84}.Debug|Any CPU.Build.0 = Debug|Any CPU
		{832CF0C8-08EE-47E4-BD54-22115C5EBC84}.Release|Any CPU.ActiveCfg = Release|Any CPU
		{832CF0C8-08EE-47E4-BD54-22115C5EBC84}.Release|Any CPU.Build.0 = Release|Any CPU
	EndGlobalSection
	GlobalSection(SolutionProperties) = preSolution
		HideSolutionNode = FALSE
	EndGlobalSection
	GlobalSection(ExtensibilityGlobals) = postSolution
		SolutionGuid = {AD0A1896-8752-45D5-9BDD-FE7082DC9C7A}
	EndGlobalSection
EndGlobal
